
Microsoft Visual Studio Solution File, Format Version 12.00
# Visual Studio Version 17
VisualStudioVersion = 17.9.34723.18
MinimumVisualStudioVersion = 10.0.40219.1
Project("{FAE04EC0-301F-11D3-BF4B-00C04F79EFBC}") = "INTEX_0105", "INTEX_0105.csproj", "{D4B84E4B-DC6A-421D-83FF-93F1C63529FE}"
EndProject
Global
	GlobalSection(SolutionConfigurationPlatforms) = preSolution
		Debug|Any CPU = Debug|Any CPU
		Release|Any CPU = Release|Any CPU
	EndGlobalSection
	GlobalSection(ProjectConfigurationPlatforms) = postSolution
		{D4B84E4B-DC6A-421D-83FF-93F1C63529FE}.Debug|Any CPU.ActiveCfg = Debug|Any CPU
		{D4B84E4B-DC6A-421D-83FF-93F1C63529FE}.Debug|Any CPU.Build.0 = Debug|Any CPU
		{D4B84E4B-DC6A-421D-83FF-93F1C63529FE}.Release|Any CPU.ActiveCfg = Release|Any CPU
		{D4B84E4B-DC6A-421D-83FF-93F1C63529FE}.Release|Any CPU.Build.0 = Release|Any CPU
	EndGlobalSection
	GlobalSection(SolutionProperties) = preSolution
		HideSolutionNode = FALSE
	EndGlobalSection
	GlobalSection(ExtensibilityGlobals) = postSolution
		SolutionGuid = {0AA4C17B-4FBC-4B58-8837-02EEFCBFF81A}
	EndGlobalSection
EndGlobal
